
Microsoft Visual Studio Solution File, Format Version 12.00
# Visual Studio Version 16
VisualStudioVersion = 16.0.31515.178
MinimumVisualStudioVersion = 10.0.40219.1
Project("{FAE04EC0-301F-11D3-BF4B-00C04F79EFBC}") = "FIT5032_MyDatabaseFirst", "FIT5032_MyDatabaseFirst\FIT5032_MyDatabaseFirst.csproj", "{542E524D-E92A-454E-997B-3E9EC77CE77F}"
EndProject
Global
	GlobalSection(SolutionConfigurationPlatforms) = preSolution
		Debug|Any CPU = Debug|Any CPU
		Release|Any CPU = Release|Any CPU
	EndGlobalSection
	GlobalSection(ProjectConfigurationPlatforms) = postSolution
		{542E524D-E92A-454E-997B-3E9EC77CE77F}.Debug|Any CPU.ActiveCfg = Debug|Any CPU
		{542E524D-E92A-454E-997B-3E9EC77CE77F}.Debug|Any CPU.Build.0 = Debug|Any CPU
		{542E524D-E92A-454E-997B-3E9EC77CE77F}.Release|Any CPU.ActiveCfg = Release|Any CPU
		{542E524D-E92A-454E-997B-3E9EC77CE77F}.Release|Any CPU.Build.0 = Release|Any CPU
	EndGlobalSection
	GlobalSection(SolutionProperties) = preSolution
		HideSolutionNode = FALSE
	EndGlobalSection
	GlobalSection(ExtensibilityGlobals) = postSolution
		SolutionGuid = {B6D503FC-8DCE-4917-A566-C06E75A2442D}
	EndGlobalSection
EndGlobal
